
Microsoft Visual Studio Solution File, Format Version 12.00
# Visual Studio Version 17
VisualStudioVersion = 17.0.31903.59
MinimumVisualStudioVersion = 10.0.40219.1
Project("{FAE04EC0-301F-11D3-BF4B-00C04F79EFBC}") = "SuperviseurApi", "SuperviseurApi\SuperviseurApi.csproj", "{19933DC2-873F-4F4A-8264-F5F5FAC68C40}"
EndProject
Global
	GlobalSection(SolutionConfigurationPlatforms) = preSolution
		Debug|Any CPU = Debug|Any CPU
		Release|Any CPU = Release|Any CPU
	EndGlobalSection
	GlobalSection(ProjectConfigurationPlatforms) = postSolution
		{19933DC2-873F-4F4A-8264-F5F5FAC68C40}.Debug|Any CPU.ActiveCfg = Debug|Any CPU
		{19933DC2-873F-4F4A-8264-F5F5FAC68C40}.Debug|Any CPU.Build.0 = Debug|Any CPU
		{19933DC2-873F-4F4A-8264-F5F5FAC68C40}.Release|Any CPU.ActiveCfg = Release|Any CPU
		{19933DC2-873F-4F4A-8264-F5F5FAC68C40}.Release|Any CPU.Build.0 = Release|Any CPU
	EndGlobalSection
	GlobalSection(SolutionProperties) = preSolution
		HideSolutionNode = FALSE
	EndGlobalSection
	GlobalSection(ExtensibilityGlobals) = postSolution
		SolutionGuid = {3F9F65BA-1FFA-444E-80EF-1490EBC50B1B}
	EndGlobalSection
EndGlobal
